
Microsoft Visual Studio Solution File, Format Version 12.00
# Visual Studio Version 16
VisualStudioVersion = 16.0.31410.357
MinimumVisualStudioVersion = 10.0.40219.1
Project("{FAE04EC0-301F-11D3-BF4B-00C04F79EFBC}") = "products-core", "products-core.csproj", "{B183DDFE-DD3C-453B-8292-28D980C92BD9}"
EndProject
Global
	GlobalSection(SolutionConfigurationPlatforms) = preSolution
		Debug|Any CPU = Debug|Any CPU
		Release|Any CPU = Release|Any CPU
	EndGlobalSection
	GlobalSection(ProjectConfigurationPlatforms) = postSolution
		{B183DDFE-DD3C-453B-8292-28D980C92BD9}.Debug|Any CPU.ActiveCfg = Debug|Any CPU
		{B183DDFE-DD3C-453B-8292-28D980C92BD9}.Debug|Any CPU.Build.0 = Debug|Any CPU
		{B183DDFE-DD3C-453B-8292-28D980C92BD9}.Release|Any CPU.ActiveCfg = Release|Any CPU
		{B183DDFE-DD3C-453B-8292-28D980C92BD9}.Release|Any CPU.Build.0 = Release|Any CPU
	EndGlobalSection
	GlobalSection(SolutionProperties) = preSolution
		HideSolutionNode = FALSE
	EndGlobalSection
	GlobalSection(ExtensibilityGlobals) = postSolution
		SolutionGuid = {A49F437A-6550-45AD-892E-01D7BF92138C}
	EndGlobalSection
EndGlobal
